
Microsoft Visual Studio Solution File, Format Version 12.00
# Visual Studio Version 17
VisualStudioVersion = 17.9.34616.47
MinimumVisualStudioVersion = 10.0.40219.1
Project("{FAE04EC0-301F-11D3-BF4B-00C04F79EFBC}") = "Robert256_Do3Think_Camera_ASCOM_Trigger_Driver", "Robert256_Do3Think_Camera_ASCOM_Trigger_Driver.csproj", "{634156F0-C4C0-4A48-AAB0-5EA204FF29F3}"
EndProject
Global
	GlobalSection(SolutionConfigurationPlatforms) = preSolution
		Debug|Any CPU = Debug|Any CPU
		Release|Any CPU = Release|Any CPU
	EndGlobalSection
	GlobalSection(ProjectConfigurationPlatforms) = postSolution
		{634156F0-C4C0-4A48-AAB0-5EA204FF29F3}.Debug|Any CPU.ActiveCfg = Debug|Any CPU
		{634156F0-C4C0-4A48-AAB0-5EA204FF29F3}.Debug|Any CPU.Build.0 = Debug|Any CPU
		{634156F0-C4C0-4A48-AAB0-5EA204FF29F3}.Release|Any CPU.ActiveCfg = Release|Any CPU
		{634156F0-C4C0-4A48-AAB0-5EA204FF29F3}.Release|Any CPU.Build.0 = Release|Any CPU
	EndGlobalSection
	GlobalSection(SolutionProperties) = preSolution
		HideSolutionNode = FALSE
	EndGlobalSection
	GlobalSection(ExtensibilityGlobals) = postSolution
	SolutionGuid = {457BF661-8A12-4031-90FC-282661AD83CE}
	EndGlobalSection
EndGlobal
